
Microsoft Visual Studio Solution File, Format Version 12.00
# Visual Studio 14
VisualStudioVersion = 14.0.25420.1
MinimumVisualStudioVersion = 10.0.40219.1
Project("{FAE04EC0-301F-11D3-BF4B-00C04F79EFBC}") = "Wallpaper", "Wallpaper\Wallpaper.csproj", "{20102E4D-9406-468F-8638-8457583BFBF8}"
EndProject
Project("{FAE04EC0-301F-11D3-BF4B-00C04F79EFBC}") = "PerimeterOfSquares", "PerimeterOfSquares\PerimeterOfSquares.csproj", "{5FAE2089-1F9C-401E-A553-D06989D2A437}"
EndProject
Project("{FAE04EC0-301F-11D3-BF4B-00C04F79EFBC}") = "SimplePigLatin", "SimplePigLatin\SimplePigLatin.csproj", "{1B878344-3959-4264-9A48-85E2CC73FCDA}"
EndProject
Project("{FAE04EC0-301F-11D3-BF4B-00C04F79EFBC}") = "DecimalToFactorialAndBack", "DecimalToFactorialAndBack\DecimalToFactorialAndBack.csproj", "{1C7FC762-C86C-47F4-B3ED-5706A5E1B32E}"
EndProject
Project("{FAE04EC0-301F-11D3-BF4B-00C04F79EFBC}") = "MinimumUnfairnessOfList", "MinimumUnfairnessOfList\MinimumUnfairnessOfList.csproj", "{FD623B07-3E43-47A7-B26A-84DB4EB434B0}"
EndProject
Project("{FAE04EC0-301F-11D3-BF4B-00C04F79EFBC}") = "N00bify", "N00bify\N00bify.csproj", "{DBFFCC1B-84A7-4D3A-8E5D-4C631A1EFD64}"
EndProject
Project("{FAE04EC0-301F-11D3-BF4B-00C04F79EFBC}") = "SumStringsAsNumbers", "SumStringsAsNumbers\SumStringsAsNumbers.csproj", "{067DBE0A-9408-4365-873C-A23545F1028C}"
EndProject
Project("{FAE04EC0-301F-11D3-BF4B-00C04F79EFBC}") = "TwoFightersOneWinner", "TwoFightersOneWinner\TwoFightersOneWinner.csproj", "{BDF3F75C-30D8-4D21-B85B-52CD0CA5ED54}"
EndProject
Project("{FAE04EC0-301F-11D3-BF4B-00C04F79EFBC}") = "HappyLittleTrees", "HappyLittleTrees\HappyLittleTrees.csproj", "{7E8B7BE0-C169-4511-88C8-5F4042177E90}"
EndProject
Project("{FAE04EC0-301F-11D3-BF4B-00C04F79EFBC}") = "TDDAreaCalculations", "TDDAreaCalculations\TDDAreaCalculations.csproj", "{3B4B8D2B-54B5-431F-86F3-3E3BBEF1DE7A}"
EndProject
Global
	GlobalSection(SolutionConfigurationPlatforms) = preSolution
		Debug|Any CPU = Debug|Any CPU
		Release|Any CPU = Release|Any CPU
	EndGlobalSection
	GlobalSection(ProjectConfigurationPlatforms) = postSolution
		{20102E4D-9406-468F-8638-8457583BFBF8}.Debug|Any CPU.ActiveCfg = Debug|Any CPU
		{20102E4D-9406-468F-8638-8457583BFBF8}.Debug|Any CPU.Build.0 = Debug|Any CPU
		{20102E4D-9406-468F-8638-8457583BFBF8}.Release|Any CPU.ActiveCfg = Release|Any CPU
		{20102E4D-9406-468F-8638-8457583BFBF8}.Release|Any CPU.Build.0 = Release|Any CPU
		{5FAE2089-1F9C-401E-A553-D06989D2A437}.Debug|Any CPU.ActiveCfg = Debug|Any CPU
		{5FAE2089-1F9C-401E-A553-D06989D2A437}.Debug|Any CPU.Build.0 = Debug|Any CPU
		{5FAE2089-1F9C-401E-A553-D06989D2A437}.Release|Any CPU.ActiveCfg = Release|Any CPU
		{5FAE2089-1F9C-401E-A553-D06989D2A437}.Release|Any CPU.Build.0 = Release|Any CPU
		{1B878344-3959-4264-9A48-85E2CC73FCDA}.Debug|Any CPU.ActiveCfg = Debug|Any CPU
		{1B878344-3959-4264-9A48-85E2CC73FCDA}.Debug|Any CPU.Build.0 = Debug|Any CPU
		{1B878344-3959-4264-9A48-85E2CC73FCDA}.Release|Any CPU.ActiveCfg = Release|Any CPU
		{1B878344-3959-4264-9A48-85E2CC73FCDA}.Release|Any CPU.Build.0 = Release|Any CPU
		{1C7FC762-C86C-47F4-B3ED-5706A5E1B32E}.Debug|Any CPU.ActiveCfg = Debug|Any CPU
		{1C7FC762-C86C-47F4-B3ED-5706A5E1B32E}.Debug|Any CPU.Build.0 = Debug|Any CPU
		{1C7FC762-C86C-47F4-B3ED-5706A5E1B32E}.Release|Any CPU.ActiveCfg = Release|Any CPU
		{1C7FC762-C86C-47F4-B3ED-5706A5E1B32E}.Release|Any CPU.Build.0 = Release|Any CPU
		{FD623B07-3E43-47A7-B26A-84DB4EB434B0}.Debug|Any CPU.ActiveCfg = Debug|Any CPU
		{FD623B07-3E43-47A7-B26A-84DB4EB434B0}.Debug|Any CPU.Build.0 = Debug|Any CPU
		{FD623B07-3E43-47A7-B26A-84DB4EB434B0}.Release|Any CPU.ActiveCfg = Release|Any CPU
		{FD623B07-3E43-47A7-B26A-84DB4EB434B0}.Release|Any CPU.Build.0 = Release|Any CPU
		{DBFFCC1B-84A7-4D3A-8E5D-4C631A1EFD64}.Debug|Any CPU.ActiveCfg = Debug|Any CPU
		{DBFFCC1B-84A7-4D3A-8E5D-4C631A1EFD64}.Debug|Any CPU.Build.0 = Debug|Any CPU
		{DBFFCC1B-84A7-4D3A-8E5D-4C631A1EFD64}.Release|Any CPU.ActiveCfg = Release|Any CPU
		{DBFFCC1B-84A7-4D3A-8E5D-4C631A1EFD64}.Release|Any CPU.Build.0 = Release|Any CPU
		{067DBE0A-9408-4365-873C-A23545F1028C}.Debug|Any CPU.ActiveCfg = Debug|Any CPU
		{067DBE0A-9408-4365-873C-A23545F1028C}.Debug|Any CPU.Build.0 = Debug|Any CPU
		{067DBE0A-9408-4365-873C-A23545F1028C}.Release|Any CPU.ActiveCfg = Release|Any CPU
		{067DBE0A-9408-4365-873C-A23545F1028C}.Release|Any CPU.Build.0 = Release|Any CPU
		{BDF3F75C-30D8-4D21-B85B-52CD0CA5ED54}.Debug|Any CPU.ActiveCfg = Debug|Any CPU
		{BDF3F75C-30D8-4D21-B85B-52CD0CA5ED54}.Debug|Any CPU.Build.0 = Debug|Any CPU
		{BDF3F75C-30D8-4D21-B85B-52CD0CA5ED54}.Release|Any CPU.ActiveCfg = Release|Any CPU
		{BDF3F75C-30D8-4D21-B85B-52CD0CA5ED54}.Release|Any CPU.Build.0 = Release|Any CPU
		{7E8B7BE0-C169-4511-88C8-5F4042177E90}.Debug|Any CPU.ActiveCfg = Debug|Any CPU
		{7E8B7BE0-C169-4511-88C8-5F4042177E90}.Debug|Any CPU.Build.0 = Debug|Any CPU
		{7E8B7BE0-C169-4511-88C8-5F4042177E90}.Release|Any CPU.ActiveCfg = Release|Any CPU
		{7E8B7BE0-C169-4511-88C8-5F4042177E90}.Release|Any CPU.Build.0 = Release|Any CPU
		{3B4B8D2B-54B5-431F-86F3-3E3BBEF1DE7A}.Debug|Any CPU.ActiveCfg = Debug|Any CPU
		{3B4B8D2B-54B5-431F-86F3-3E3BBEF1DE7A}.Debug|Any CPU.Build.0 = Debug|Any CPU
		{3B4B8D2B-54B5-431F-86F3-3E3BBEF1DE7A}.Release|Any CPU.ActiveCfg = Release|Any CPU
		{3B4B8D2B-54B5-431F-86F3-3E3BBEF1DE7A}.Release|Any CPU.Build.0 = Release|Any CPU
	EndGlobalSection
	GlobalSection(SolutionProperties) = preSolution
		HideSolutionNode = FALSE
	EndGlobalSection
EndGlobal
